PODS:
  - Flutter (1.0.0)
  - rust_lib_pictools (0.0.1):
    - Flutter

DEPENDENCIES:
  - Flutter (from `Flutter`)
  - rust_lib_pictools (from `.symlinks/plugins/rust_lib_pictools/ios`)

EXTERNAL SOURCES:
  Flutter:
    :path: Flutter
  rust_lib_pictools:
    :path: ".symlinks/plugins/rust_lib_pictools/ios"

SPEC CHECKSUMS:
  Flutter: cabc95a1d2626b1b06e7179b784ebcf0c0cde467
  rust_lib_pictools: 61993da74feac7d3e88d3cd4ccc92e1f97253b03

PODFILE CHECKSUM: ce2a4dd764e1c7aeed6a7cdc5e61d092b6dc6d32

COCOAPODS: 1.17.0
